// !$*UTF8*$!
{
	archiveVersion = 1;
	classes = {
	};
	objectVersion = 54;
	objects = {

/* Begin PBXBuildFile section */
		04F89816773E7D0168E6AA57 /* FingerRouletteViewModelTests.swift in Sources */ = {isa = PBXBuildFile; fileRef = 1AB113614C1DD9B7D15B3A82 /* FingerRouletteViewModelTests.swift */; };
		094F482BBB69165990E39A5B /* SplashAdView.swift in Sources */ = {isa = PBXBuildFile; fileRef = 36687D54440D465861886EA8 /* SplashAdView.swift */; };
		30FDDD17AFD45D36DA8EBAB9 /* CardFlipViewModelTests.swift in Sources */ = {isa = PBXBuildFile; fileRef = 29425EAD1DAAE111516AEEFB /* CardFlipViewModelTests.swift */; };
		4003A821980D81C858A18C30 /* GameModels.swift in Sources */ = {isa = PBXBuildFile; fileRef = 447ABBBB20A2F29646A17991 /* GameModels.swift */; };
		4329B4DF6F2E4EF7C8098F1E /* FanWheelViewModel.swift in Sources */ = {isa = PBXBuildFile; fileRef = ED9E54077E135C45FFB6D7B5 /* FanWheelViewModel.swift */; };
		64ADD4509C3E4D0263B5E914 /* ContentView.swift in Sources */ = {isa = PBXBuildFile; fileRef = 49AC29CE82C66BF84F3ED8E9 /* ContentView.swift */; };
		693CC5C7D0FED7ADBB362BEA /* BannerAdView.swift in Sources */ = {isa = PBXBuildFile; fileRef = A399DAD68E53755DE6BF4AE6 /* BannerAdView.swift */; };
		76C771E21B82EC51AF3E9B51 /* AppTheme.swift in Sources */ = {isa = PBXBuildFile; fileRef = F0B534E50577672D0D325793 /* AppTheme.swift */; };
		9F1F583A755BD67173D89A1B /* CardFlipViewModel.swift in Sources */ = {isa = PBXBuildFile; fileRef = 6913246FEAC08DC6131FC3D3 /* CardFlipViewModel.swift */; };
		A2DD445D5803BB0008A970D5 /* FingerRouletteGameView.swift in Sources */ = {isa = PBXBuildFile; fileRef = 500A61DBC21C610309ED3419 /* FingerRouletteGameView.swift */; };
		B5A6437BDF963248DC9C7AF2 /* PartyGamesApp.swift in Sources */ = {isa = PBXBuildFile; fileRef = 37548E12BDBBA7378CFAF89A /* PartyGamesApp.swift */; };
		B8CA11560FC60294673DCF29 /* CardFlipGameView.swift in Sources */ = {isa = PBXBuildFile; fileRef = 85EA13DDA93341CCCE0ED308 /* CardFlipGameView.swift */; };
		BB54F1EDEB6A09356AB0F14E /* PartyGamesUITests.swift in Sources */ = {isa = PBXBuildFile; fileRef = 19270BFDA6B13DDA250B4300 /* PartyGamesUITests.swift */; };
		CBE569D10487F7E079B34ADD /* GameModelsTests.swift in Sources */ = {isa = PBXBuildFile; fileRef = 04939D37D355B92C3643E60F /* GameModelsTests.swift */; };
		D5D2B002EBFBF9A340796D9C /* Localizable.strings in Resources */ = {isa = PBXBuildFile; fileRef = CAA00145B99CD1435BB05644 /* Localizable.strings */; };
		D8987869A1B3B9A922541A4E /* FingerRouletteViewModel.swift in Sources */ = {isa = PBXBuildFile; fileRef = 23AD9529B057FEF57BADB986 /* FingerRouletteViewModel.swift */; };
		E0BDE35C91D268CDBDAF98E2 /* AdConfigManager.swift in Sources */ = {isa = PBXBuildFile; fileRef = 234B058EC292D93045963883 /* AdConfigManager.swift */; };
		E83106C8DD4389B73B66C38B /* FanWheelViewModelTests.swift in Sources */ = {isa = PBXBuildFile; fileRef = 041AE06A71CE886AC22B8A5B /* FanWheelViewModelTests.swift */; };
		EC553FB09966499175998917 /* ViewExtensions.swift in Sources */ = {isa = PBXBuildFile; fileRef = 83BF34C1AE251AA486B87F89 /* ViewExtensions.swift */; };
		EF5366010DB37447CF4EFEB6 /* FanWheelGameView.swift in Sources */ = {isa = PBXBuildFile; fileRef = CE249C8F80B9FF0D02BF0C2C /* FanWheelGameView.swift */; };
		EFDB5FD0CE80FE81E7CE7FEA /* AdConfigManagerTests.swift in Sources */ = {isa = PBXBuildFile; fileRef = B8C0AB523D3B033907AD0782 /* AdConfigManagerTests.swift */; };
/* End PBXBuildFile section */

/* Begin PBXContainerItemProxy section */
		BD38A8C893611FBC7133F54D /* PBXContainerItemProxy */ = {
			isa = PBXContainerItemProxy;
			containerPortal = 3FA686612B5DFF937F61A599 /* Project object */;
			proxyType = 1;
			remoteGlobalIDString = B7B61D33EA678F4F39712ABB;
			remoteInfo = PartyGames;
		};
		D3175F194864BFB208D47F64 /* PBXContainerItemProxy */ = {
			isa = PBXContainerItemProxy;
			containerPortal = 3FA686612B5DFF937F61A599 /* Project object */;
			proxyType = 1;
			remoteGlobalIDString = B7B61D33EA678F4F39712ABB;
			remoteInfo = PartyGames;
		};
/* End PBXContainerItemProxy section */

/* Begin PBXFileReference section */
		041AE06A71CE886AC22B8A5B /* FanWheelViewModelTests.swift */ = {isa = PBXFileReference; lastKnownFileType = sourcecode.swift; path = FanWheelViewModelTests.swift; sourceTree = "<group>"; };
		04939D37D355B92C3643E60F /* GameModelsTests.swift */ = {isa = PBXFileReference; lastKnownFileType = sourcecode.swift; path = GameModelsTests.swift; sourceTree = "<group>"; };
		0A996A33C22D1E91CA98E8C8 /* PartyGamesUITests.xctest */ = {isa = PBXFileReference; includeInIndex = 0; lastKnownFileType = wrapper.cfbundle; path = PartyGamesUITests.xctest; sourceTree = BUILT_PRODUCTS_DIR; };
		19270BFDA6B13DDA250B4300 /* PartyGamesUITests.swift */ = {isa = PBXFileReference; lastKnownFileType = sourcecode.swift; path = PartyGamesUITests.swift; sourceTree = "<group>"; };
		1AB113614C1DD9B7D15B3A82 /* FingerRouletteViewModelTests.swift */ = {isa = PBXFileReference; lastKnownFileType = sourcecode.swift; path = FingerRouletteViewModelTests.swift; sourceTree = "<group>"; };
		234B058EC292D93045963883 /* AdConfigManager.swift */ = {isa = PBXFileReference; lastKnownFileType = sourcecode.swift; path = AdConfigManager.swift; sourceTree = "<group>"; };
		23AD9529B057FEF57BADB986 /* FingerRouletteViewModel.swift */ = {isa = PBXFileReference; lastKnownFileType = sourcecode.swift; path = FingerRouletteViewModel.swift; sourceTree = "<group>"; };
		29425EAD1DAAE111516AEEFB /* CardFlipViewModelTests.swift */ = {isa = PBXFileReference; lastKnownFileType = sourcecode.swift; path = CardFlipViewModelTests.swift; sourceTree = "<group>"; };
		36687D54440D465861886EA8 /* SplashAdView.swift */ = {isa = PBXFileReference; lastKnownFileType = sourcecode.swift; path = SplashAdView.swift; sourceTree = "<group>"; };
		37548E12BDBBA7378CFAF89A /* PartyGamesApp.swift */ = {isa = PBXFileReference; lastKnownFileType = sourcecode.swift; path = PartyGamesApp.swift; sourceTree = "<group>"; };
		3B4E0206A5C720875363D687 /* PartyGamesUnitTests.xctest */ = {isa = PBXFileReference; includeInIndex = 0; lastKnownFileType = wrapper.cfbundle; path = PartyGamesUnitTests.xctest; sourceTree = BUILT_PRODUCTS_DIR; };
		447ABBBB20A2F29646A17991 /* GameModels.swift */ = {isa = PBXFileReference; lastKnownFileType = sourcecode.swift; path = GameModels.swift; sourceTree = "<group>"; };
		49AC29CE82C66BF84F3ED8E9 /* ContentView.swift */ = {isa = PBXFileReference; lastKnownFileType = sourcecode.swift; path = ContentView.swift; sourceTree = "<group>"; };
		500A61DBC21C610309ED3419 /* FingerRouletteGameView.swift */ = {isa = PBXFileReference; lastKnownFileType = sourcecode.swift; path = FingerRouletteGameView.swift; sourceTree = "<group>"; };
		63CF1244286B2C0A7C01BA45 /* en */ = {isa = PBXFileReference; lastKnownFileType = text.plist.strings; name = en; path = en.lproj/Localizable.strings; sourceTree = "<group>"; };
		6913246FEAC08DC6131FC3D3 /* CardFlipViewModel.swift */ = {isa = PBXFileReference; lastKnownFileType = sourcecode.swift; path = CardFlipViewModel.swift; sourceTree = "<group>"; };
		6D2FCA9BF65E568E769DD43B /* zh-Hans */ = {isa = PBXFileReference; lastKnownFileType = text.plist.strings; name = "zh-Hans"; path = "zh-Hans.lproj/Localizable.strings"; sourceTree = "<group>"; };
		78A6BA077874B276F3AF6064 /* Info.plist */ = {isa = PBXFileReference; lastKnownFileType = text.plist; path = Info.plist; sourceTree = "<group>"; };
		83BF34C1AE251AA486B87F89 /* ViewExtensions.swift */ = {isa = PBXFileReference; lastKnownFileType = sourcecode.swift; path = ViewExtensions.swift; sourceTree = "<group>"; };
		85EA13DDA93341CCCE0ED308 /* CardFlipGameView.swift */ = {isa = PBXFileReference; lastKnownFileType = sourcecode.swift; path = CardFlipGameView.swift; sourceTree = "<group>"; };
		8A03B7D13E59F63221BD4864 /* Info.plist */ = {isa = PBXFileReference; lastKnownFileType = text.plist; path = Info.plist; sourceTree = "<group>"; };
		A399DAD68E53755DE6BF4AE6 /* BannerAdView.swift */ = {isa = PBXFileReference; lastKnownFileType = sourcecode.swift; path = BannerAdView.swift; sourceTree = "<group>"; };
		B59E73511178399D317AE3A3 /* PartyGames.app */ = {isa = PBXFileReference; includeInIndex = 0; lastKnownFileType = wrapper.application; path = PartyGames.app; sourceTree = BUILT_PRODUCTS_DIR; };
		B8C0AB523D3B033907AD0782 /* AdConfigManagerTests.swift */ = {isa = PBXFileReference; lastKnownFileType = sourcecode.swift; path = AdConfigManagerTests.swift; sourceTree = "<group>"; };
		CE249C8F80B9FF0D02BF0C2C /* FanWheelGameView.swift */ = {isa = PBXFileReference; lastKnownFileType = sourcecode.swift; path = FanWheelGameView.swift; sourceTree = "<group>"; };
		ED9E54077E135C45FFB6D7B5 /* FanWheelViewModel.swift */ = {isa = PBXFileReference; lastKnownFileType = sourcecode.swift; path = FanWheelViewModel.swift; sourceTree = "<group>"; };
		F0B534E50577672D0D325793 /* AppTheme.swift */ = {isa = PBXFileReference; lastKnownFileType = sourcecode.swift; path = AppTheme.swift; sourceTree = "<group>"; };
		F7047CA04A770118F081AF0A /* Info.plist */ = {isa = PBXFileReference; lastKnownFileType = text.plist; path = Info.plist; sourceTree = "<group>"; };
/* End PBXFileReference section */

/* Begin PBXGroup section */
		0B71CE5AD8539DDF913386D4 /* PartyGames */ = {
			isa = PBXGroup;
			children = (
				F7047CA04A770118F081AF0A /* Info.plist */,
				808105D9EF1EC1BF7A8C0006 /* Ads */,
				E1375CC3C3E2719374B9E222 /* App */,
				C74BA08255B73B14FD6B3417 /* Common */,
				A9EBB027ABE38339A1243F63 /* Games */,
				35535C859828E4E94657691F /* Models */,
				6EC0544D16AEACBCF0E0CC5F /* Resources */,
			);
			path = PartyGames;
			sourceTree = "<group>";
		};
		1B31E76C68735909463DD1A5 = {
			isa = PBXGroup;
			children = (
				0B71CE5AD8539DDF913386D4 /* PartyGames */,
				9B40A67A4C8D52BEDD9C1E47 /* PartyGamesUITests */,
				F14A61B88C06489D548A4F5B /* PartyGamesUnitTests */,
				AF7799934AB6AB864825D244 /* Products */,
			);
			sourceTree = "<group>";
		};
		35535C859828E4E94657691F /* Models */ = {
			isa = PBXGroup;
			children = (
				447ABBBB20A2F29646A17991 /* GameModels.swift */,
			);
			path = Models;
			sourceTree = "<group>";
		};
		47943BF08A3750D340B777D8 /* FanWheel */ = {
			isa = PBXGroup;
			children = (
				CE249C8F80B9FF0D02BF0C2C /* FanWheelGameView.swift */,
				ED9E54077E135C45FFB6D7B5 /* FanWheelViewModel.swift */,
			);
			path = FanWheel;
			sourceTree = "<group>";
		};
		6EC0544D16AEACBCF0E0CC5F /* Resources */ = {
			isa = PBXGroup;
			children = (
				CAA00145B99CD1435BB05644 /* Localizable.strings */,
			);
			path = Resources;
			sourceTree = "<group>";
		};
		808105D9EF1EC1BF7A8C0006 /* Ads */ = {
			isa = PBXGroup;
			children = (
				234B058EC292D93045963883 /* AdConfigManager.swift */,
				A399DAD68E53755DE6BF4AE6 /* BannerAdView.swift */,
				36687D54440D465861886EA8 /* SplashAdView.swift */,
			);
			path = Ads;
			sourceTree = "<group>";
		};
		9B40A67A4C8D52BEDD9C1E47 /* PartyGamesUITests */ = {
			isa = PBXGroup;
			children = (
				8A03B7D13E59F63221BD4864 /* Info.plist */,
				19270BFDA6B13DDA250B4300 /* PartyGamesUITests.swift */,
			);
			path = PartyGamesUITests;
			sourceTree = "<group>";
		};
		A9EBB027ABE38339A1243F63 /* Games */ = {
			isa = PBXGroup;
			children = (
				E435E812B8272E393218D823 /* CardFlip */,
				47943BF08A3750D340B777D8 /* FanWheel */,
				E9DF56C55D47A570BE8C8F33 /* FingerRoulette */,
			);
			path = Games;
			sourceTree = "<group>";
		};
		AF7799934AB6AB864825D244 /* Products */ = {
			isa = PBXGroup;
			children = (
				B59E73511178399D317AE3A3 /* PartyGames.app */,
				0A996A33C22D1E91CA98E8C8 /* PartyGamesUITests.xctest */,
				3B4E0206A5C720875363D687 /* PartyGamesUnitTests.xctest */,
			);
			name = Products;
			sourceTree = "<group>";
		};
		C74BA08255B73B14FD6B3417 /* Common */ = {
			isa = PBXGroup;
			children = (
				F0B534E50577672D0D325793 /* AppTheme.swift */,
				83BF34C1AE251AA486B87F89 /* ViewExtensions.swift */,
			);
			path = Common;
			sourceTree = "<group>";
		};
		E1375CC3C3E2719374B9E222 /* App */ = {
			isa = PBXGroup;
			children = (
				49AC29CE82C66BF84F3ED8E9 /* ContentView.swift */,
				37548E12BDBBA7378CFAF89A /* PartyGamesApp.swift */,
			);
			path = App;
			sourceTree = "<group>";
		};
		E435E812B8272E393218D823 /* CardFlip */ = {
			isa = PBXGroup;
			children = (
				85EA13DDA93341CCCE0ED308 /* CardFlipGameView.swift */,
				6913246FEAC08DC6131FC3D3 /* CardFlipViewModel.swift */,
			);
			path = CardFlip;
			sourceTree = "<group>";
		};
		E9DF56C55D47A570BE8C8F33 /* FingerRoulette */ = {
			isa = PBXGroup;
			children = (
				500A61DBC21C610309ED3419 /* FingerRouletteGameView.swift */,
				23AD9529B057FEF57BADB986 /* FingerRouletteViewModel.swift */,
			);
			path = FingerRoulette;
			sourceTree = "<group>";
		};
		F14A61B88C06489D548A4F5B /* PartyGamesUnitTests */ = {
			isa = PBXGroup;
			children = (
				B8C0AB523D3B033907AD0782 /* AdConfigManagerTests.swift */,
				29425EAD1DAAE111516AEEFB /* CardFlipViewModelTests.swift */,
				041AE06A71CE886AC22B8A5B /* FanWheelViewModelTests.swift */,
				1AB113614C1DD9B7D15B3A82 /* FingerRouletteViewModelTests.swift */,
				04939D37D355B92C3643E60F /* GameModelsTests.swift */,
				78A6BA077874B276F3AF6064 /* Info.plist */,
			);
			path = PartyGamesUnitTests;
			sourceTree = "<group>";
		};
/* End PBXGroup section */

/* Begin PBXNativeTarget section */
		38DFEA72172F99D962285ABE /* PartyGamesUnitTests */ = {
			isa = PBXNativeTarget;
			buildConfigurationList = 9FA68B5AC179C4BB0C747DF6 /* Build configuration list for PBXNativeTarget "PartyGamesUnitTests" */;
			buildPhases = (
				57BC6EF73ED4043DB31C1EC9 /* Sources */,
			);
			buildRules = (
			);
			dependencies = (
				9AA8C17FAAF3472EAEB7FFCD /* PBXTargetDependency */,
			);
			name = PartyGamesUnitTests;
			packageProductDependencies = (
			);
			productName = PartyGamesUnitTests;
			productReference = 3B4E0206A5C720875363D687 /* PartyGamesUnitTests.xctest */;
			productType = "com.apple.product-type.bundle.unit-test";
		};
		4EDC0942863BB54B7F9E6257 /* PartyGamesUITests */ = {
			isa = PBXNativeTarget;
			buildConfigurationList = 38DE03E04FC2465429E4B97F /* Build configuration list for PBXNativeTarget "PartyGamesUITests" */;
			buildPhases = (
				1075C1DA9427F0A4A6086DF5 /* Sources */,
			);
			buildRules = (
			);
			dependencies = (
				38CED74A0E88E6B8A93E4B46 /* PBXTargetDependency */,
			);
			name = PartyGamesUITests;
			packageProductDependencies = (
			);
			productName = PartyGamesUITests;
			productReference = 0A996A33C22D1E91CA98E8C8 /* PartyGamesUITests.xctest */;
			productType = "com.apple.product-type.bundle.ui-testing";
		};
		B7B61D33EA678F4F39712ABB /* PartyGames */ = {
			isa = PBXNativeTarget;
			buildConfigurationList = 97C1E2C0D20320A8029AA7BB /* Build configuration list for PBXNativeTarget "PartyGames" */;
			buildPhases = (
				D5AE56AF8598C1866CB24F3C /* SwiftLint */,
				3E694F9980824F877A697BC0 /* Sources */,
				943A1398FDF8EF06E243F01B /* Resources */,
			);
			buildRules = (
			);
			dependencies = (
			);
			name = PartyGames;
			packageProductDependencies = (
			);
			productName = PartyGames;
			productReference = B59E73511178399D317AE3A3 /* PartyGames.app */;
			productType = "com.apple.product-type.application";
		};
/* End PBXNativeTarget section */

/* Begin PBXProject section */
		3FA686612B5DFF937F61A599 /* Project object */ = {
			isa = PBXProject;
			attributes = {
				BuildIndependentTargetsInParallel = YES;
				LastUpgradeCheck = 1500;
				TargetAttributes = {
					38DFEA72172F99D962285ABE = {
						DevelopmentTeam = "";
					};
					4EDC0942863BB54B7F9E6257 = {
						DevelopmentTeam = "";
						TestTargetID = B7B61D33EA678F4F39712ABB;
					};
					B7B61D33EA678F4F39712ABB = {
						DevelopmentTeam = "";
					};
				};
			};
			buildConfigurationList = D676F102D92E0321C2C7FBAB /* Build configuration list for PBXProject "PartyGames" */;
			compatibilityVersion = "Xcode 14.0";
			developmentRegion = en;
			hasScannedForEncodings = 0;
			knownRegions = (
				Base,
				en,
				"zh-Hans",
			);
			mainGroup = 1B31E76C68735909463DD1A5;
			minimizedProjectReferenceProxies = 1;
			preferredProjectObjectVersion = 54;
			projectDirPath = "";
			projectRoot = "";
			targets = (
				B7B61D33EA678F4F39712ABB /* PartyGames */,
				4EDC0942863BB54B7F9E6257 /* PartyGamesUITests */,
				38DFEA72172F99D962285ABE /* PartyGamesUnitTests */,
			);
		};
/* End PBXProject section */

/* Begin PBXResourcesBuildPhase section */
		943A1398FDF8EF06E243F01B /* Resources */ = {
			isa = PBXResourcesBuildPhase;
			buildActionMask = 2147483647;
			files = (
				D5D2B002EBFBF9A340796D9C /* Localizable.strings in Resources */,
			);
			runOnlyForDeploymentPostprocessing = 0;
		};
/* End PBXResourcesBuildPhase section */

/* Begin PBXShellScriptBuildPhase section */
		D5AE56AF8598C1866CB24F3C /* SwiftLint */ = {
			isa = PBXShellScriptBuildPhase;
			alwaysOutOfDate = 1;
			buildActionMask = 2147483647;
			files = (
			);
			inputFileListPaths = (
			);
			inputPaths = (
			);
			name = SwiftLint;
			outputFileListPaths = (
			);
			outputPaths = (
			);
			runOnlyForDeploymentPostprocessing = 0;
			shellPath = /bin/sh;
			shellScript = "if which swiftlint > /dev/null; then\n  swiftlint lint --quiet\nelse\n  echo \"warning: SwiftLint not installed, skipping\"\nfi\n";
		};
/* End PBXShellScriptBuildPhase section */

/* Begin PBXSourcesBuildPhase section */
		1075C1DA9427F0A4A6086DF5 /* Sources */ = {
			isa = PBXSourcesBuildPhase;
			buildActionMask = 2147483647;
			files = (
				BB54F1EDEB6A09356AB0F14E /* PartyGamesUITests.swift in Sources */,
			);
			runOnlyForDeploymentPostprocessing = 0;
		};
		3E694F9980824F877A697BC0 /* Sources */ = {
			isa = PBXSourcesBuildPhase;
			buildActionMask = 2147483647;
			files = (
				E0BDE35C91D268CDBDAF98E2 /* AdConfigManager.swift in Sources */,
				76C771E21B82EC51AF3E9B51 /* AppTheme.swift in Sources */,
				693CC5C7D0FED7ADBB362BEA /* BannerAdView.swift in Sources */,
				B8CA11560FC60294673DCF29 /* CardFlipGameView.swift in Sources */,
				9F1F583A755BD67173D89A1B /* CardFlipViewModel.swift in Sources */,
				64ADD4509C3E4D0263B5E914 /* ContentView.swift in Sources */,
				EF5366010DB37447CF4EFEB6 /* FanWheelGameView.swift in Sources */,
				4329B4DF6F2E4EF7C8098F1E /* FanWheelViewModel.swift in Sources */,
				A2DD445D5803BB0008A970D5 /* FingerRouletteGameView.swift in Sources */,
				D8987869A1B3B9A922541A4E /* FingerRouletteViewModel.swift in Sources */,
				4003A821980D81C858A18C30 /* GameModels.swift in Sources */,
				B5A6437BDF963248DC9C7AF2 /* PartyGamesApp.swift in Sources */,
				094F482BBB69165990E39A5B /* SplashAdView.swift in Sources */,
				EC553FB09966499175998917 /* ViewExtensions.swift in Sources */,
			);
			runOnlyForDeploymentPostprocessing = 0;
		};
		57BC6EF73ED4043DB31C1EC9 /* Sources */ = {
			isa = PBXSourcesBuildPhase;
			buildActionMask = 2147483647;
			files = (
				EFDB5FD0CE80FE81E7CE7FEA /* AdConfigManagerTests.swift in Sources */,
				30FDDD17AFD45D36DA8EBAB9 /* CardFlipViewModelTests.swift in Sources */,
				E83106C8DD4389B73B66C38B /* FanWheelViewModelTests.swift in Sources */,
				04F89816773E7D0168E6AA57 /* FingerRouletteViewModelTests.swift in Sources */,
				CBE569D10487F7E079B34ADD /* GameModelsTests.swift in Sources */,
			);
			runOnlyForDeploymentPostprocessing = 0;
		};
/* End PBXSourcesBuildPhase section */

/* Begin PBXTargetDependency section */
		38CED74A0E88E6B8A93E4B46 /* PBXTargetDependency */ = {
			isa = PBXTargetDependency;
			target = B7B61D33EA678F4F39712ABB /* PartyGames */;
			targetProxy = BD38A8C893611FBC7133F54D /* PBXContainerItemProxy */;
		};
		9AA8C17FAAF3472EAEB7FFCD /* PBXTargetDependency */ = {
			isa = PBXTargetDependency;
			target = B7B61D33EA678F4F39712ABB /* PartyGames */;
			targetProxy = D3175F194864BFB208D47F64 /* PBXContainerItemProxy */;
		};
/* End PBXTargetDependency section */

/* Begin PBXVariantGroup section */
		CAA00145B99CD1435BB05644 /* Localizable.strings */ = {
			isa = PBXVariantGroup;
			children = (
				63CF1244286B2C0A7C01BA45 /* en */,
				6D2FCA9BF65E568E769DD43B /* zh-Hans */,
			);
			name = Localizable.strings;
			sourceTree = "<group>";
		};
/* End PBXVariantGroup section */

/* Begin XCBuildConfiguration section */
		03ABA7A07895D849391EB54E /* Release */ = {
			isa = XCBuildConfiguration;
			buildSettings = {
				BUNDLE_LOADER = "$(TEST_HOST)";
				DEVELOPMENT_TEAM = "";
				INFOPLIST_FILE = PartyGamesUnitTests/Info.plist;
				LD_RUNPATH_SEARCH_PATHS = (
					"$(inherited)",
					"@executable_path/Frameworks",
					"@loader_path/Frameworks",
				);
				PRODUCT_BUNDLE_IDENTIFIER = com.partygames.unittests;
				SDKROOT = iphoneos;
				TARGETED_DEVICE_FAMILY = "1,2";
				TEST_HOST = "$(BUILT_PRODUCTS_DIR)/PartyGames.app/PartyGames";
			};
			name = Release;
		};
		08FDB9CA8074538B30EF2A76 /* Release */ = {
			isa = XCBuildConfiguration;
			buildSettings = {
				ALWAYS_SEARCH_USER_PATHS = NO;
				CLANG_ANALYZER_NONNULL = YES;
				CLANG_ANALYZER_NUMBER_OBJECT_CONVERSION = YES_AGGRESSIVE;
				CLANG_CXX_LANGUAGE_STANDARD = "gnu++14";
				CLANG_CXX_LIBRARY = "libc++";
				CLANG_ENABLE_MODULES = YES;
				CLANG_ENABLE_OBJC_ARC = YES;
				CLANG_ENABLE_OBJC_WEAK = YES;
				CLANG_WARN_BLOCK_CAPTURE_AUTORELEASING = YES;
				CLANG_WARN_BOOL_CONVERSION = YES;
				CLANG_WARN_COMMA = YES;
				CLANG_WARN_CONSTANT_CONVERSION = YES;
				CLANG_WARN_DEPRECATED_OBJC_IMPLEMENTATIONS = YES;
				CLANG_WARN_DIRECT_OBJC_ISA_USAGE = YES_ERROR;
				CLANG_WARN_DOCUMENTATION_COMMENTS = YES;
				CLANG_WARN_EMPTY_BODY = YES;
				CLANG_WARN_ENUM_CONVERSION = YES;
				CLANG_WARN_INFINITE_RECURSION = YES;
				CLANG_WARN_INT_CONVERSION = YES;
				CLANG_WARN_NON_LITERAL_NULL_CONVERSION = YES;
				CLANG_WARN_OBJC_IMPLICIT_RETAIN_SELF = YES;
				CLANG_WARN_OBJC_LITERAL_CONVERSION = YES;
				CLANG_WARN_OBJC_ROOT_CLASS = YES_ERROR;
				CLANG_WARN_QUOTED_INCLUDE_IN_FRAMEWORK_HEADER = YES;
				CLANG_WARN_RANGE_LOOP_ANALYSIS = YES;
				CLANG_WARN_STRICT_PROTOTYPES = YES;
				CLANG_WARN_SUSPICIOUS_MOVE = YES;
				CLANG_WARN_UNGUARDED_AVAILABILITY = YES_AGGRESSIVE;
				CLANG_WARN_UNREACHABLE_CODE = YES;
				CLANG_WARN__DUPLICATE_METHOD_MATCH = YES;
				COPY_PHASE_STRIP = NO;
				DEBUG_INFORMATION_FORMAT = "dwarf-with-dsym";
				ENABLE_NS_ASSERTIONS = NO;
				ENABLE_STRICT_OBJC_MSGSEND = YES;
				GCC_C_LANGUAGE_STANDARD = gnu11;
				GCC_NO_COMMON_BLOCKS = YES;
				GCC_WARN_64_TO_32_BIT_CONVERSION = YES;
				GCC_WARN_ABOUT_RETURN_TYPE = YES_ERROR;
				GCC_WARN_UNDECLARED_SELECTOR = YES;
				GCC_WARN_UNINITIALIZED_AUTOS = YES_AGGRESSIVE;
				GCC_WARN_UNUSED_FUNCTION = YES;
				GCC_WARN_UNUSED_VARIABLE = YES;
				INFOPLIST_FILE = PartyGames/Info.plist;
				IPHONEOS_DEPLOYMENT_TARGET = 16.0;
				MTL_ENABLE_DEBUG_INFO = NO;
				MTL_FAST_MATH = YES;
				PRODUCT_BUNDLE_IDENTIFIER = com.partygames.app;
				PRODUCT_NAME = "$(TARGET_NAME)";
				SDKROOT = iphoneos;
				SWIFT_COMPILATION_MODE = wholemodule;
				SWIFT_OPTIMIZATION_LEVEL = "-O";
				SWIFT_VERSION = 5.0;
			};
			name = Release;
		};
		355DF25D47234C771FA0DA39 /* Debug */ = {
			isa = XCBuildConfiguration;
			buildSettings = {
				ASSETCATALOG_COMPILER_APPICON_NAME = "";
				CODE_SIGN_IDENTITY = "iPhone Developer";
				DEVELOPMENT_TEAM = "";
				INFOPLIST_FILE = PartyGames/Info.plist;
				LD_RUNPATH_SEARCH_PATHS = (
					"$(inherited)",
					"@executable_path/Frameworks",
				);
				PRODUCT_BUNDLE_IDENTIFIER = com.partygames.app;
				SDKROOT = iphoneos;
				SWIFT_VERSION = 5.9;
				TARGETED_DEVICE_FAMILY = "1,2";
			};
			name = Debug;
		};
		59668D0F4F84286F5BE943BD /* Release */ = {
			isa = XCBuildConfiguration;
			buildSettings = {
				BUNDLE_LOADER = "$(TEST_HOST)";
				DEVELOPMENT_TEAM = "";
				INFOPLIST_FILE = PartyGamesUITests/Info.plist;
				LD_RUNPATH_SEARCH_PATHS = (
					"$(inherited)",
					"@executable_path/Frameworks",
					"@loader_path/Frameworks",
				);
				PRODUCT_BUNDLE_IDENTIFIER = com.partygames.uitests;
				SDKROOT = iphoneos;
				TARGETED_DEVICE_FAMILY = "1,2";
				TEST_TARGET_NAME = PartyGames;
			};
			name = Release;
		};
		8DF248EC41D4B9DEF60E3A57 /* Debug */ = {
			isa = XCBuildConfiguration;
			buildSettings = {
				BUNDLE_LOADER = "$(TEST_HOST)";
				DEVELOPMENT_TEAM = "";
				INFOPLIST_FILE = PartyGamesUITests/Info.plist;
				LD_RUNPATH_SEARCH_PATHS = (
					"$(inherited)",
					"@executable_path/Frameworks",
					"@loader_path/Frameworks",
				);
				PRODUCT_BUNDLE_IDENTIFIER = com.partygames.uitests;
				SDKROOT = iphoneos;
				TARGETED_DEVICE_FAMILY = "1,2";
				TEST_TARGET_NAME = PartyGames;
			};
			name = Debug;
		};
		ACB8C4AB4FA47EDD28FBFEFE /* Release */ = {
			isa = XCBuildConfiguration;
			buildSettings = {
				ASSETCATALOG_COMPILER_APPICON_NAME = "";
				CODE_SIGN_IDENTITY = "iPhone Developer";
				DEVELOPMENT_TEAM = "";
				INFOPLIST_FILE = PartyGames/Info.plist;
				LD_RUNPATH_SEARCH_PATHS = (
					"$(inherited)",
					"@executable_path/Frameworks",
				);
				PRODUCT_BUNDLE_IDENTIFIER = com.partygames.app;
				SDKROOT = iphoneos;
				SWIFT_VERSION = 5.9;
				TARGETED_DEVICE_FAMILY = "1,2";
			};
			name = Release;
		};
		AF3F1A3AD86E1CA5533D7687 /* Debug */ = {
			isa = XCBuildConfiguration;
			buildSettings = {
				BUNDLE_LOADER = "$(TEST_HOST)";
				DEVELOPMENT_TEAM = "";
				INFOPLIST_FILE = PartyGamesUnitTests/Info.plist;
				LD_RUNPATH_SEARCH_PATHS = (
					"$(inherited)",
					"@executable_path/Frameworks",
					"@loader_path/Frameworks",
				);
				PRODUCT_BUNDLE_IDENTIFIER = com.partygames.unittests;
				SDKROOT = iphoneos;
				TARGETED_DEVICE_FAMILY = "1,2";
				TEST_HOST = "$(BUILT_PRODUCTS_DIR)/PartyGames.app/PartyGames";
			};
			name = Debug;
		};
		D45E69301F201E78FAC35686 /* Debug */ = {
			isa = XCBuildConfiguration;
			buildSettings = {
				ALWAYS_SEARCH_USER_PATHS = NO;
				CLANG_ANALYZER_NONNULL = YES;
				CLANG_ANALYZER_NUMBER_OBJECT_CONVERSION = YES_AGGRESSIVE;
				CLANG_CXX_LANGUAGE_STANDARD = "gnu++14";
				CLANG_CXX_LIBRARY = "libc++";
				CLANG_ENABLE_MODULES = YES;
				CLANG_ENABLE_OBJC_ARC = YES;
				CLANG_ENABLE_OBJC_WEAK = YES;
				CLANG_WARN_BLOCK_CAPTURE_AUTORELEASING = YES;
				CLANG_WARN_BOOL_CONVERSION = YES;
				CLANG_WARN_COMMA = YES;
				CLANG_WARN_CONSTANT_CONVERSION = YES;
				CLANG_WARN_DEPRECATED_OBJC_IMPLEMENTATIONS = YES;
				CLANG_WARN_DIRECT_OBJC_ISA_USAGE = YES_ERROR;
				CLANG_WARN_DOCUMENTATION_COMMENTS = YES;
				CLANG_WARN_EMPTY_BODY = YES;
				CLANG_WARN_ENUM_CONVERSION = YES;
				CLANG_WARN_INFINITE_RECURSION = YES;
				CLANG_WARN_INT_CONVERSION = YES;
				CLANG_WARN_NON_LITERAL_NULL_CONVERSION = YES;
				CLANG_WARN_OBJC_IMPLICIT_RETAIN_SELF = YES;
				CLANG_WARN_OBJC_LITERAL_CONVERSION = YES;
				CLANG_WARN_OBJC_ROOT_CLASS = YES_ERROR;
				CLANG_WARN_QUOTED_INCLUDE_IN_FRAMEWORK_HEADER = YES;
				CLANG_WARN_RANGE_LOOP_ANALYSIS = YES;
				CLANG_WARN_STRICT_PROTOTYPES = YES;
				CLANG_WARN_SUSPICIOUS_MOVE = YES;
				CLANG_WARN_UNGUARDED_AVAILABILITY = YES_AGGRESSIVE;
				CLANG_WARN_UNREACHABLE_CODE = YES;
				CLANG_WARN__DUPLICATE_METHOD_MATCH = YES;
				COPY_PHASE_STRIP = NO;
				DEBUG_INFORMATION_FORMAT = dwarf;
				ENABLE_STRICT_OBJC_MSGSEND = YES;
				ENABLE_TESTABILITY = YES;
				GCC_C_LANGUAGE_STANDARD = gnu11;
				GCC_DYNAMIC_NO_PIC = NO;
				GCC_NO_COMMON_BLOCKS = YES;
				GCC_OPTIMIZATION_LEVEL = 0;
				GCC_PREPROCESSOR_DEFINITIONS = (
					"$(inherited)",
					"DEBUG=1",
				);
				GCC_WARN_64_TO_32_BIT_CONVERSION = YES;
				GCC_WARN_ABOUT_RETURN_TYPE = YES_ERROR;
				GCC_WARN_UNDECLARED_SELECTOR = YES;
				GCC_WARN_UNINITIALIZED_AUTOS = YES_AGGRESSIVE;
				GCC_WARN_UNUSED_FUNCTION = YES;
				GCC_WARN_UNUSED_VARIABLE = YES;
				INFOPLIST_FILE = PartyGames/Info.plist;
				IPHONEOS_DEPLOYMENT_TARGET = 16.0;
				MTL_ENABLE_DEBUG_INFO = INCLUDE_SOURCE;
				MTL_FAST_MATH = YES;
				ONLY_ACTIVE_ARCH = YES;
				PRODUCT_BUNDLE_IDENTIFIER = com.partygames.app;
				PRODUCT_NAME = "$(TARGET_NAME)";
				SDKROOT = iphoneos;
				SWIFT_ACTIVE_COMPILATION_CONDITIONS = DEBUG;
				SWIFT_OPTIMIZATION_LEVEL = "-Onone";
				SWIFT_VERSION = 5.0;
			};
			name = Debug;
		};
/* End XCBuildConfiguration section */

/* Begin XCConfigurationList section */
		38DE03E04FC2465429E4B97F /* Build configuration list for PBXNativeTarget "PartyGamesUITests" */ = {
			isa = XCConfigurationList;
			buildConfigurations = (
				8DF248EC41D4B9DEF60E3A57 /* Debug */,
				59668D0F4F84286F5BE943BD /* Release */,
			);
			defaultConfigurationIsVisible = 0;
			defaultConfigurationName = Debug;
		};
		97C1E2C0D20320A8029AA7BB /* Build configuration list for PBXNativeTarget "PartyGames" */ = {
			isa = XCConfigurationList;
			buildConfigurations = (
				355DF25D47234C771FA0DA39 /* Debug */,
				ACB8C4AB4FA47EDD28FBFEFE /* Release */,
			);
			defaultConfigurationIsVisible = 0;
			defaultConfigurationName = Debug;
		};
		9FA68B5AC179C4BB0C747DF6 /* Build configuration list for PBXNativeTarget "PartyGamesUnitTests" */ = {
			isa = XCConfigurationList;
			buildConfigurations = (
				AF3F1A3AD86E1CA5533D7687 /* Debug */,
				03ABA7A07895D849391EB54E /* Release */,
			);
			defaultConfigurationIsVisible = 0;
			defaultConfigurationName = Debug;
		};
		D676F102D92E0321C2C7FBAB /* Build configuration list for PBXProject "PartyGames" */ = {
			isa = XCConfigurationList;
			buildConfigurations = (
				D45E69301F201E78FAC35686 /* Debug */,
				08FDB9CA8074538B30EF2A76 /* Release */,
			);
			defaultConfigurationIsVisible = 0;
			defaultConfigurationName = Debug;
		};
/* End XCConfigurationList section */
	};
	rootObject = 3FA686612B5DFF937F61A599 /* Project object */;
}
